
Microsoft Visual Studio Solution File, Format Version 12.00
# Visual Studio Version 17
VisualStudioVersion = 17.3.32825.248
MinimumVisualStudioVersion = 10.0.40219.1
Project("{9A19103F-16F7-4668-BE54-9A1E7A4F7556}") = "Entidades", "Entidades\Entidades.csproj", "{BC302F4F-FE5E-4267-BC1C-14EEDAC46428}"
EndProject
Project("{9A19103F-16F7-4668-BE54-9A1E7A4F7556}") = "VistaAerolinea", "WinFormsApp1\VistaAerolinea.csproj", "{A7A18375-E31D-454B-9116-DA54019AA7F2}"
EndProject
Global
	GlobalSection(SolutionConfigurationPlatforms) = preSolution
		Debug|Any CPU = Debug|Any CPU
		Release|Any CPU = Release|Any CPU
	EndGlobalSection
	GlobalSection(ProjectConfigurationPlatforms) = postSolution
		{BC302F4F-FE5E-4267-BC1C-14EEDAC46428}.Debug|Any CPU.ActiveCfg = Debug|Any CPU
		{BC302F4F-FE5E-4267-BC1C-14EEDAC46428}.Debug|Any CPU.Build.0 = Debug|Any CPU
		{BC302F4F-FE5E-4267-BC1C-14EEDAC46428}.Release|Any CPU.ActiveCfg = Release|Any CPU
		{BC302F4F-FE5E-4267-BC1C-14EEDAC46428}.Release|Any CPU.Build.0 = Release|Any CPU
		{A7A18375-E31D-454B-9116-DA54019AA7F2}.Debug|Any CPU.ActiveCfg = Debug|Any CPU
		{A7A18375-E31D-454B-9116-DA54019AA7F2}.Debug|Any CPU.Build.0 = Debug|Any CPU
		{A7A18375-E31D-454B-9116-DA54019AA7F2}.Release|Any CPU.ActiveCfg = Release|Any CPU
		{A7A18375-E31D-454B-9116-DA54019AA7F2}.Release|Any CPU.Build.0 = Release|Any CPU
	EndGlobalSection
	GlobalSection(SolutionProperties) = preSolution
		HideSolutionNode = FALSE
	EndGlobalSection
	GlobalSection(ExtensibilityGlobals) = postSolution
		SolutionGuid = {67CB4521-0D58-4368-9BE5-C8EF7643270B}
	EndGlobalSection
EndGlobal
